# THIS IS AN AUTOGENERATED FILE. DO NOT EDIT THIS FILE DIRECTLY.
# yarn lockfile v1


"@noble/curves@~1.0.0":
  version "1.0.0"
  resolved "https://registry.yarnpkg.com/@noble/curves/-/curves-1.0.0.tgz#e40be8c7daf088aaf291887cbc73f43464a92932"
  integrity sha512-2upgEu0iLiDVDZkNLeFV2+ht0BAVgQnEmCk6JsOch9Rp8xfkMCbvbAZlA2pBHQc73dbl+vFOXfqkf4uemdn0bw==
  dependencies:
    "@noble/hashes" "1.3.0"

"@noble/hashes@1.3.0":
  version "1.3.0"
  resolved "https://registry.yarnpkg.com/@noble/hashes/-/hashes-1.3.0.tgz#085fd70f6d7d9d109671090ccae1d3bec62554a1"
  integrity sha512-ilHEACi9DwqJB0pw7kv+Apvh50jiiSyR/cQ3y4W7lOR5mhvn/50FLUfsnfJz0BDZtl/RR16kXvptiv6q1msYZg==

"@noble/hashes@~1.3.0":
  version "1.3.1"
  resolved "https://registry.yarnpkg.com/@noble/hashes/-/hashes-1.3.1.tgz#8831ef002114670c603c458ab8b11328406953a9"
  integrity sha512-EbqwksQwz9xDRGfDST86whPBgM65E0OH/pCgqW0GBVzO22bNE+NuIbeTb714+IfSjU3aRk47EUvXIb5bTsenKA==

"@starknet-react/core@^1.0.3":
  version "1.0.3"
  resolved "https://registry.yarnpkg.com/@starknet-react/core/-/core-1.0.3.tgz#61d812c1117bd375745cd13cd633bbce399af041"
  integrity sha512-ZbSe56INmCqqAC+6HEtjYBPP+inBvZb8ce1dCAP+ymZ+YbGCZff1QwGqg2qmWn7VzDjZf0vLEzEuvMMuAUnUqA==
  dependencies:
    "@tanstack/react-query" "^4.29.12"
    immutable "^4.3.0"
    zod "^3.21.4"

"@tanstack/query-core@4.29.25":
  version "4.29.25"
  resolved "https://registry.yarnpkg.com/@tanstack/query-core/-/query-core-4.29.25.tgz#605d357968a740544af6754004eed1dfd4587cb8"
  integrity sha512-DI4y4VC6Uw4wlTpOocEXDky69xeOScME1ezLKsj+hOk7DguC9fkqXtp6Hn39BVb9y0b5IBrY67q6kIX623Zj4Q==

"@tanstack/react-query@^4.29.12":
  version "4.29.25"
  resolved "https://registry.yarnpkg.com/@tanstack/react-query/-/react-query-4.29.25.tgz#64df3260b65760fbd3c81ffae23b7b3802c71aa6"
  integrity sha512-c1+Ezu+XboYrdAMdusK2fTdRqXPMgPAnyoTrzHOZQqr8Hqz6PNvV9DSKl8agUo6nXX4np7fdWabIprt+838dLg==
  dependencies:
    "@tanstack/query-core" "4.29.25"
    use-sync-external-store "^1.2.0"

bowser@^2.11.0:
  version "2.11.0"
  resolved "https://registry.yarnpkg.com/bowser/-/bowser-2.11.0.tgz#5ca3c35757a7aa5771500c70a73a9f91ef420a8f"
  integrity sha512-AlcaJBi/pqqJBIQ8U9Mcpc9i8Aqxn88Skv5d+xBX006BY5u8N3mGLHa5Lgppa7L/HfwgwLgZ6NYs+Ag6uUmJRA==

get-starknet-core@^3.0.1:
  version "3.1.0"
  resolved "https://registry.yarnpkg.com/get-starknet-core/-/get-starknet-core-3.1.0.tgz#adc29ba2c29c2b72cc73a46bfadee531efa1d324"
  integrity sha512-SPeYnzqKRXuukNoEr5aobxBmvhUSt4uWs6kFhMXl+3fG2R43u2D2DreDkA1n6T5DF10x5zLogldiHqn/jGlxEA==

get-starknet@^3.0.1:
  version "3.0.1"
  resolved "https://registry.yarnpkg.com/get-starknet/-/get-starknet-3.0.1.tgz#46a4ece33defcedf83d8e006e1222bb868132116"
  integrity sha512-EyUl+DVQH5PXW2OUdY06/yaqlMizzLKRLzp3S+VhYz+l6wGvW5pmhTXHLaYI4hWfebIDfFkFvAPxVPv/TkWLyA==
  dependencies:
    bowser "^2.11.0"
    get-starknet-core "^3.0.1"

immutable@^4.3.0:
  version "4.3.1"
  resolved "https://registry.yarnpkg.com/immutable/-/immutable-4.3.1.tgz#17988b356097ab0719e2f741d56f3ec6c317f9dc"
  integrity sha512-lj9cnmB/kVS0QHsJnYKD1uo3o39nrbKxszjnqS9Fr6NB7bZzW45U6WSGBPKXDL/CvDKqDNPA4r3DoDQ8GTxo2A==

isomorphic-fetch@^3.0.0:
  version "3.0.0"
  resolved "https://registry.yarnpkg.com/isomorphic-fetch/-/isomorphic-fetch-3.0.0.tgz#0267b005049046d2421207215d45d6a262b8b8b4"
  integrity sha512-qvUtwJ3j6qwsF3jLxkZ72qCgjMysPzDfeV240JHiGZsANBYd+EEuu35v7dfrJ9Up0Ak07D7GGSkGhCHTqg/5wA==
  dependencies:
    node-fetch "^2.6.1"
    whatwg-fetch "^3.4.1"

lossless-json@^2.0.8:
  version "2.0.11"
  resolved "https://registry.yarnpkg.com/lossless-json/-/lossless-json-2.0.11.tgz#3137684c93fd99481c6f99c985efc9c9c5cc76a5"
  integrity sha512-BP0vn+NGYvzDielvBZaFain/wgeJ1hTvURCqtKvhr1SCPePdaaTanmmcplrHfEJSJOUql7hk4FHwToNJjWRY3g==

micro-starknet@~0.2.1:
  version "0.2.3"
  resolved "https://registry.yarnpkg.com/micro-starknet/-/micro-starknet-0.2.3.tgz#ff4e7caf599255d2110e9c57bb483dfaf493ccb3"
  integrity sha512-6XBcC+GerlwJSR4iA0VaeXtS2wrayWFcA4PEzrJPMuFmWCaUtuGIq5K/DB5F/XgnL54/zl2Bxo690Lj7mYVA8A==
  dependencies:
    "@noble/curves" "~1.0.0"
    "@noble/hashes" "~1.3.0"

node-fetch@^2.6.1:
  version "2.6.12"
  resolved "https://registry.yarnpkg.com/node-fetch/-/node-fetch-2.6.12.tgz#02eb8e22074018e3d5a83016649d04df0e348fba"
  integrity sha512-C/fGU2E8ToujUivIO0H+tpQ6HWo4eEmchoPIoXtxCrVghxdKq+QOHqEZW7tuP3KlV3bC8FRMO5nMCC7Zm1VP6g==
  dependencies:
    whatwg-url "^5.0.0"

pako@^2.0.4:
  version "2.1.0"
  resolved "https://registry.yarnpkg.com/pako/-/pako-2.1.0.tgz#266cc37f98c7d883545d11335c00fbd4062c9a86"
  integrity sha512-w+eufiZ1WuJYgPXbV/PO3NCMEc3xqylkKHzp8bxp1uW4qaSNQUkwmLLEc3kKsfz8lpV1F8Ht3U1Cm+9Srog2ug==

starknet@^5.14.1:
  version "5.14.1"
  resolved "https://registry.yarnpkg.com/starknet/-/starknet-5.14.1.tgz#97fa5f99c4c24e42ffa315cfda525461d09d6087"
  integrity sha512-EtJwQ6RmFsqSLGuMP+PRp4DwNsMYXy63HDnd1plLCdQKl3FMYajqNKf5RbDl03uGU0uE5ctGp+OW3firHuv6IA==
  dependencies:
    "@noble/curves" "~1.0.0"
    isomorphic-fetch "^3.0.0"
    lossless-json "^2.0.8"
    micro-starknet "~0.2.1"
    pako "^2.0.4"
    url-join "^4.0.1"

tr46@~0.0.3:
  version "0.0.3"
  resolved "https://registry.yarnpkg.com/tr46/-/tr46-0.0.3.tgz#8184fd347dac9cdc185992f3a6622e14b9d9ab6a"
  integrity sha512-N3WMsuqV66lT30CrXNbEjx4GEwlow3v6rr4mCcv6prnfwhS01rkgyFdjPNBYd9br7LpXV1+Emh01fHnq2Gdgrw==

url-join@^4.0.1:
  version "4.0.1"
  resolved "https://registry.yarnpkg.com/url-join/-/url-join-4.0.1.tgz#b642e21a2646808ffa178c4c5fda39844e12cde7"
  integrity sha512-jk1+QP6ZJqyOiuEI9AEWQfju/nB2Pw466kbA0LEZljHwKeMgd9WrAEgEGxjPDD2+TNbbb37rTyhEfrCXfuKXnA==

use-sync-external-store@^1.2.0:
  version "1.2.0"
  resolved "https://registry.yarnpkg.com/use-sync-external-store/-/use-sync-external-store-1.2.0.tgz#7dbefd6ef3fe4e767a0cf5d7287aacfb5846928a"
  integrity sha512-eEgnFxGQ1Ife9bzYs6VLi8/4X6CObHMw9Qr9tPY43iKwsPw8xE8+EFsf/2cFZ5S3esXgpWgtSCtLNS41F+sKPA==

webidl-conversions@^3.0.0:
  version "3.0.1"
  resolved "https://registry.yarnpkg.com/webidl-conversions/-/webidl-conversions-3.0.1.tgz#24534275e2a7bc6be7bc86611cc16ae0a5654871"
  integrity sha512-2JAn3z8AR6rjK8Sm8orRC0h/bcl/DqL7tRPdGZ4I1CjdF+EaMLmYxBHyXuKL849eucPFhvBoxMsflfOb8kxaeQ==

whatwg-fetch@^3.4.1:
  version "3.6.16"
  resolved "https://registry.yarnpkg.com/whatwg-fetch/-/whatwg-fetch-3.6.16.tgz#2cf24cd621459be8137f9e3c6afb60262d78f963"
  integrity sha512-83avoGbZ0qtjtNrU3UTT3/Xd3uZ7DyfSYLuc1fL5iYs+93P+UkIVF6/6xpRVWeQcvbc7kSnVybSAVbd6QFW5Fg==

whatwg-url@^5.0.0:
  version "5.0.0"
  resolved "https://registry.yarnpkg.com/whatwg-url/-/whatwg-url-5.0.0.tgz#966454e8765462e37644d3626f6742ce8b70965d"
  integrity sha512-saE57nupxk6v3HY35+jzBwYa0rKSy0XR8JSxZPwgLr7ys0IBzhGviA1/TUGJLmSVqs8pb9AnvICXEuOHLprYTw==
  dependencies:
    tr46 "~0.0.3"
    webidl-conversions "^3.0.0"

zod@^3.21.4:
  version "3.21.4"
  resolved "https://registry.yarnpkg.com/zod/-/zod-3.21.4.tgz#10882231d992519f0a10b5dd58a38c9dabbb64db"
  integrity sha512-m46AKbrzKVzOzs/DZgVnG5H55N1sv1M8qZU3A8RIKbs3mrACDNeIOeilDymVb2HdmP8uwshOCF4uJ8uM9rCqJw==
